schema: '2.0'
stages:
  preprocess:
    cmd: python -m src.pipelines.preprocess --params params.yaml
    deps:
    - path: data/split
      md5: 1daa05ef7dece01c33c30f9af4f2ade0.dir
      size: 1462746813
      nfiles: 481
    - path: src/pipelines/preprocess.py
      md5: 39fe2cd469d1362529c69f17f5fcf4b7
      size: 3452
    params:
      params.yaml:
        preprocess:
          split_dir: data/split
          test_size: 0.3
          face_reco_batch_size: 16
          data_files_dir: pipeline_outs/faces
          train_data_files_dir: pipeline_outs/faces/train
          train_data_files_zip: pipeline_outs/faces/train.zip
          test_data_files_dir: pipeline_outs/faces/test
          test_data_files_zip: pipeline_outs/faces/test.zip
    outs:
    - path: pipeline_outs/faces
      md5: 08af58202fd1b65b592ff81a14406bb0.dir
      size: 2780343961
      nfiles: 2
  train:
    cmd: python -m src.pipelines.train --params params.yaml
    deps:
    - path: pipeline_outs/faces
      md5: 08af58202fd1b65b592ff81a14406bb0.dir
      size: 2780343961
      nfiles: 2
    - path: src/pipelines/train.py
      md5: 5860b8873b113534c117336b97416f12
      size: 11340
    params:
      params.yaml:
        train:
          train_data_files_dir: pipeline_outs/faces/train
          train_data_files_zip: pipeline_outs/faces/train.zip
          test_data_files_dir: pipeline_outs/faces/test
          test_data_files_zip: pipeline_outs/faces/test.zip
          model_criterion: CrossEntropy
          model_type: MobileNetV3
          model_params:
            pretrained: false
          optimizer_type: SGD
          optimizer_params:
            momentum: 0.9
            learning_rate: 0.001
          scheduler_type: ReduceLROnPlateau
          scheduler_params:
            step_size: 7
            patience: 7
            gamma: 0.1
            factor: 0.1
          input_size: 128
          epochs: 20
          batch_size: 128
          n_workers: 8
          model_dir: pipeline_outs/models
          model_file: pipeline_outs/models/latest-model.pth
          results_dir: pipeline_outs/results/
          train_results_file: pipeline_outs/results/train-results.json
          train_plots_file: pipeline_outs/results/train-plots.json
          test_results_file: pipeline_outs/results/test-results.json
          test_plots_file: pipeline_outs/results/test-plots.json
          losses_file: pipeline_outs/results/losses.json
    outs:
    - path: pipeline_outs/models/latest-model.pth
      md5: 063e3b5f79506a8e3c2d76d390fd2993
      size: 17022737
    - path: pipeline_outs/results/losses.json
      md5: 054c324ee8a707258a0023207f6acc5b
      size: 76768
    - path: pipeline_outs/results/test-plots.json
      md5: 537e30e2a7cad7103d1bae802bbea3d4
      size: 2455
    - path: pipeline_outs/results/test-results.json
      md5: 870d8463fdd65799a433f0d4585550ce
      size: 121
    - path: pipeline_outs/results/train-plots.json
      md5: 96aee8e19f96c986b1de7c317d161333
      size: 2450
    - path: pipeline_outs/results/train-results.json
      md5: 9302ef187f9edfdaf12722044b862366
      size: 156
