schema: '2.0'
stages:
  preprocess:
    cmd: python -m src.pipelines.preprocess --params params.yaml
    deps:
    - path: data/split
      md5: 1daa05ef7dece01c33c30f9af4f2ade0.dir
      size: 1462746813
      nfiles: 481
    - path: src/pipelines/preprocess.py
      md5: 39fe2cd469d1362529c69f17f5fcf4b7
      size: 3452
    params:
      params.yaml:
        preprocess:
          split_dir: data/split
          test_size: 0.3
          face_reco_batch_size: 16
          data_files_dir: pipeline_outs/faces
          train_data_files_dir: pipeline_outs/faces/train
          train_data_files_zip: pipeline_outs/faces/train.zip
          test_data_files_dir: pipeline_outs/faces/test
          test_data_files_zip: pipeline_outs/faces/test.zip
    outs:
    - path: pipeline_outs/faces
      md5: 08af58202fd1b65b592ff81a14406bb0.dir
      size: 2780343961
      nfiles: 2
  train:
    cmd: python -m src.pipelines.train --params params.yaml
    deps:
    - path: pipeline_outs/faces
      md5: 08af58202fd1b65b592ff81a14406bb0.dir
      size: 2780343961
      nfiles: 2
    - path: src/pipelines/train.py
      md5: 5860b8873b113534c117336b97416f12
      size: 11340
    params:
      params.yaml:
        train:
          train_data_files_dir: pipeline_outs/faces/train
          train_data_files_zip: pipeline_outs/faces/train.zip
          test_data_files_dir: pipeline_outs/faces/test
          test_data_files_zip: pipeline_outs/faces/test.zip
          model_criterion: CrossEntropy
          model_type: MobileNetV3
          model_params:
            pretrained: false
          optimizer_type: SGD
          optimizer_params:
            momentum: 0.9
            learning_rate: 0.001
          scheduler_type: ReduceLROnPlateau
          scheduler_params:
            step_size: 7
            patience: 7
            gamma: 0.1
            factor: 0.1
          input_size: 128
          epochs: 20
          batch_size: 128
          n_workers: 8
          model_dir: pipeline_outs/models
          model_file: pipeline_outs/models/latest-model.pth
          results_dir: pipeline_outs/results/
          train_results_file: pipeline_outs/results/train-results.json
          train_plots_file: pipeline_outs/results/train-plots.json
          test_results_file: pipeline_outs/results/test-results.json
          test_plots_file: pipeline_outs/results/test-plots.json
          losses_file: pipeline_outs/results/losses.json
    outs:
    - path: pipeline_outs/models/latest-model.pth
      md5: a3f8a67c56208d448a704b2830003caa
      size: 94365249
    - path: pipeline_outs/results/losses.json
      md5: 954528d96fcdac20e0c7ffb73a96be1d
      size: 77748
    - path: pipeline_outs/results/test-plots.json
      md5: 9cabf7870b8ed09d1244bd3cf792ee82
      size: 2449
    - path: pipeline_outs/results/test-results.json
      md5: 843296ee9028aaf7aaf005f4e5f41f21
      size: 121
    - path: pipeline_outs/results/train-plots.json
      md5: 3e1778302efaf871b018ef021ae3d378
      size: 2404
    - path: pipeline_outs/results/train-results.json
      md5: 5909f4ecec61bc5de7cabbbdf14e343a
      size: 156
